
Microsoft Visual Studio Solution File, Format Version 12.00
# Visual Studio Version 16
VisualStudioVersion = 16.0.31205.134
MinimumVisualStudioVersion = 10.0.40219.1
Project("{9A19103F-16F7-4668-BE54-9A1E7A4F7556}") = "HelloApp", "HelloApp\HelloApp.csproj", "{B3261C6D-32CC-433C-88B1-D1C7DF1E182B}"
EndProject
Project("{9A19103F-16F7-4668-BE54-9A1E7A4F7556}") = "FirstApp", "FirstApp\FirstApp.csproj", "{2F66C013-1C91-41A5-8528-426C72C2AAE1}"
EndProject
Project("{9A19103F-16F7-4668-BE54-9A1E7A4F7556}") = "CRUD", "CRUD\CRUD.csproj", "{5495F33E-2441-4253-A8A7-38614E600CC7}"
EndProject
Project("{FAE04EC0-301F-11D3-BF4B-00C04F79EFBC}") = "LoggingApp", "LoggingApp\LoggingApp.csproj", "{1CE9D3EF-A05D-43D9-8AB8-05202C0569F1}"
EndProject
Project("{FAE04EC0-301F-11D3-BF4B-00C04F79EFBC}") = "LoggerProviderApp", "LoggerProviderApp\LoggerProviderApp.csproj", "{37FD270D-0106-4E23-A72F-EBC9BDA9637D}"
EndProject
Global
	GlobalSection(SolutionConfigurationPlatforms) = preSolution
		Debug|Any CPU = Debug|Any CPU
		Release|Any CPU = Release|Any CPU
	EndGlobalSection
	GlobalSection(ProjectConfigurationPlatforms) = postSolution
		{B3261C6D-32CC-433C-88B1-D1C7DF1E182B}.Debug|Any CPU.ActiveCfg = Debug|Any CPU
		{B3261C6D-32CC-433C-88B1-D1C7DF1E182B}.Debug|Any CPU.Build.0 = Debug|Any CPU
		{B3261C6D-32CC-433C-88B1-D1C7DF1E182B}.Release|Any CPU.ActiveCfg = Release|Any CPU
		{B3261C6D-32CC-433C-88B1-D1C7DF1E182B}.Release|Any CPU.Build.0 = Release|Any CPU
		{2F66C013-1C91-41A5-8528-426C72C2AAE1}.Debug|Any CPU.ActiveCfg = Debug|Any CPU
		{2F66C013-1C91-41A5-8528-426C72C2AAE1}.Debug|Any CPU.Build.0 = Debug|Any CPU
		{2F66C013-1C91-41A5-8528-426C72C2AAE1}.Release|Any CPU.ActiveCfg = Release|Any CPU
		{2F66C013-1C91-41A5-8528-426C72C2AAE1}.Release|Any CPU.Build.0 = Release|Any CPU
		{5495F33E-2441-4253-A8A7-38614E600CC7}.Debug|Any CPU.ActiveCfg = Debug|Any CPU
		{5495F33E-2441-4253-A8A7-38614E600CC7}.Debug|Any CPU.Build.0 = Debug|Any CPU
		{5495F33E-2441-4253-A8A7-38614E600CC7}.Release|Any CPU.ActiveCfg = Release|Any CPU
		{5495F33E-2441-4253-A8A7-38614E600CC7}.Release|Any CPU.Build.0 = Release|Any CPU
		{1CE9D3EF-A05D-43D9-8AB8-05202C0569F1}.Debug|Any CPU.ActiveCfg = Debug|Any CPU
		{1CE9D3EF-A05D-43D9-8AB8-05202C0569F1}.Debug|Any CPU.Build.0 = Debug|Any CPU
		{1CE9D3EF-A05D-43D9-8AB8-05202C0569F1}.Release|Any CPU.ActiveCfg = Release|Any CPU
		{1CE9D3EF-A05D-43D9-8AB8-05202C0569F1}.Release|Any CPU.Build.0 = Release|Any CPU
		{37FD270D-0106-4E23-A72F-EBC9BDA9637D}.Debug|Any CPU.ActiveCfg = Debug|Any CPU
		{37FD270D-0106-4E23-A72F-EBC9BDA9637D}.Debug|Any CPU.Build.0 = Debug|Any CPU
		{37FD270D-0106-4E23-A72F-EBC9BDA9637D}.Release|Any CPU.ActiveCfg = Release|Any CPU
		{37FD270D-0106-4E23-A72F-EBC9BDA9637D}.Release|Any CPU.Build.0 = Release|Any CPU
	EndGlobalSection
	GlobalSection(SolutionProperties) = preSolution
		HideSolutionNode = FALSE
	EndGlobalSection
	GlobalSection(ExtensibilityGlobals) = postSolution
		SolutionGuid = {AF2CFA41-3DEC-4EC3-B645-DA769DDF65F5}
	EndGlobalSection
EndGlobal
